
Microsoft Visual Studio Solution File, Format Version 12.00
# Visual Studio Version 17
VisualStudioVersion = 17.5.002.0
MinimumVisualStudioVersion = 10.0.40219.1
Project("{9A19103F-16F7-4668-BE54-9A1E7A4F7556}") = "CommandsService", "CommandsService.csproj", "{D1183D6D-6ED3-4806-A161-487D5EC763E6}"
EndProject
Global
	GlobalSection(SolutionConfigurationPlatforms) = preSolution
		Debug|Any CPU = Debug|Any CPU
		Release|Any CPU = Release|Any CPU
	EndGlobalSection
	GlobalSection(ProjectConfigurationPlatforms) = postSolution
		{D1183D6D-6ED3-4806-A161-487D5EC763E6}.Debug|Any CPU.ActiveCfg = Debug|Any CPU
		{D1183D6D-6ED3-4806-A161-487D5EC763E6}.Debug|Any CPU.Build.0 = Debug|Any CPU
		{D1183D6D-6ED3-4806-A161-487D5EC763E6}.Release|Any CPU.ActiveCfg = Release|Any CPU
		{D1183D6D-6ED3-4806-A161-487D5EC763E6}.Release|Any CPU.Build.0 = Release|Any CPU
	EndGlobalSection
	GlobalSection(SolutionProperties) = preSolution
		HideSolutionNode = FALSE
	EndGlobalSection
	GlobalSection(ExtensibilityGlobals) = postSolution
		SolutionGuid = {72493A98-9BE5-4ACD-A564-F6FB22E6B07E}
	EndGlobalSection
EndGlobal
